<Solution>
  <Folder Name="/src/">
    <Project Path="src/RazQL.DependencyInjection/RazQL.DependencyInjection.csproj" />
    <Project Path="src/RazQL.Dapper/RazQL.Dapper.csproj" />
    <Project Path="src/RazQL.Generators/RazQL.Generators.csproj" />
    <Project Path="src/RazQL.Package/RazQL.Package.csproj" />
    <Project Path="src/RazQL/RazQL.csproj" />
  </Folder>
  <Folder Name="/tests/">
    <Project Path="tests/RazQL.DependencyInjection.Tests/RazQL.DependencyInjection.Tests.csproj" />
    <Project Path="tests/RazQL.Dapper.Tests/RazQL.Dapper.Tests.csproj" />
    <Project Path="tests/RazQL.Generators.Tests/RazQL.Generators.Tests.csproj" />
    <Project Path="tests/RazQL.IntegrationTests/RazQL.IntegrationTests.csproj" />
    <Project Path="tests/RazQL.Tests/RazQL.Tests.csproj" />
  </Folder>
</Solution>
